
Microsoft Visual Studio Solution File, Format Version 12.00
# Visual Studio Version 17
VisualStudioVersion = 17.7.34031.279
MinimumVisualStudioVersion = 10.0.40219.1
Project("{8BC9CEB8-8B4A-11D0-8D11-00A0C91BC942}") = "CW2Project", "CW2Project\CW2Project.vcxproj", "{F4153B83-AE46-4301-9568-FB7F6DC6A5BB}"
EndProject
Global
	GlobalSection(SolutionConfigurationPlatforms) = preSolution
		Debug|x64 = Debug|x64
		Debug|x86 = Debug|x86
		Release|x64 = Release|x64
		Release|x86 = Release|x86
	EndGlobalSection
	GlobalSection(ProjectConfigurationPlatforms) = postSolution
		{F4153B83-AE46-4301-9568-FB7F6DC6A5BB}.Debug|x64.ActiveCfg = Debug|x64
		{F4153B83-AE46-4301-9568-FB7F6DC6A5BB}.Debug|x64.Build.0 = Debug|x64
		{F4153B83-AE46-4301-9568-FB7F6DC6A5BB}.Debug|x86.ActiveCfg = Debug|Win32
		{F4153B83-AE46-4301-9568-FB7F6DC6A5BB}.Debug|x86.Build.0 = Debug|Win32
		{F4153B83-AE46-4301-9568-FB7F6DC6A5BB}.Release|x64.ActiveCfg = Release|x64
		{F4153B83-AE46-4301-9568-FB7F6DC6A5BB}.Release|x64.Build.0 = Release|x64
		{F4153B83-AE46-4301-9568-FB7F6DC6A5BB}.Release|x86.ActiveCfg = Release|Win32
		{F4153B83-AE46-4301-9568-FB7F6DC6A5BB}.Release|x86.Build.0 = Release|Win32
	EndGlobalSection
	GlobalSection(SolutionProperties) = preSolution
		HideSolutionNode = FALSE
	EndGlobalSection
	GlobalSection(ExtensibilityGlobals) = postSolution
		SolutionGuid = {AE240C09-0749-4ED0-B6F7-8DD5FD7A26D2}
	EndGlobalSection
EndGlobal
